
Microsoft Visual Studio Solution File, Format Version 12.00
# Visual Studio 2012
Project("{FAE04EC0-301F-11D3-BF4B-00C04F79EFBC}") = "FactorialSample", "FactorialSample\FactorialSample.csproj", "{45A10FD1-B15F-42C6-9013-D0E6FD3BDF84}"
EndProject
Project("{2150E333-8FDC-42A3-9474-1A3956D46DE8}") = "Solution Items", "Solution Items", "{F61C1C97-67EE-4A0D-A093-5E910DBC699E}"
	ProjectSection(SolutionItems) = preProject
		LICENSE = LICENSE
		README.md = README.md
	EndProjectSection
EndProject
Project("{FAE04EC0-301F-11D3-BF4B-00C04F79EFBC}") = "SieveOfEratosthenesPart1", "SieveOfEratosthenesPart1\SieveOfEratosthenesPart1.csproj", "{11252420-59BA-4228-86FE-11A8A2BDBFA9}"
EndProject
Project("{FAE04EC0-301F-11D3-BF4B-00C04F79EFBC}") = "SieveOfEratosthenesPart2", "SieveOfEratosthenesPart2\SieveOfEratosthenesPart2.csproj", "{10092F92-2A19-48F1-84AF-2E7F2C74449F}"
EndProject
Project("{FAE04EC0-301F-11D3-BF4B-00C04F79EFBC}") = "SieveOfEratosthenesPart3", "SieveOfEratosthenesPart3\SieveOfEratosthenesPart3.csproj", "{9B2404AB-17C6-407B-8CD4-DC6483F6B5C7}"
EndProject
Global
	GlobalSection(SolutionConfigurationPlatforms) = preSolution
		Debug|Any CPU = Debug|Any CPU
		Release|Any CPU = Release|Any CPU
	EndGlobalSection
	GlobalSection(ProjectConfigurationPlatforms) = postSolution
		{45A10FD1-B15F-42C6-9013-D0E6FD3BDF84}.Debug|Any CPU.ActiveCfg = Debug|Any CPU
		{45A10FD1-B15F-42C6-9013-D0E6FD3BDF84}.Debug|Any CPU.Build.0 = Debug|Any CPU
		{45A10FD1-B15F-42C6-9013-D0E6FD3BDF84}.Release|Any CPU.ActiveCfg = Release|Any CPU
		{45A10FD1-B15F-42C6-9013-D0E6FD3BDF84}.Release|Any CPU.Build.0 = Release|Any CPU
		{11252420-59BA-4228-86FE-11A8A2BDBFA9}.Debug|Any CPU.ActiveCfg = Debug|Any CPU
		{11252420-59BA-4228-86FE-11A8A2BDBFA9}.Debug|Any CPU.Build.0 = Debug|Any CPU
		{11252420-59BA-4228-86FE-11A8A2BDBFA9}.Release|Any CPU.ActiveCfg = Release|Any CPU
		{11252420-59BA-4228-86FE-11A8A2BDBFA9}.Release|Any CPU.Build.0 = Release|Any CPU
		{10092F92-2A19-48F1-84AF-2E7F2C74449F}.Debug|Any CPU.ActiveCfg = Debug|Any CPU
		{10092F92-2A19-48F1-84AF-2E7F2C74449F}.Debug|Any CPU.Build.0 = Debug|Any CPU
		{10092F92-2A19-48F1-84AF-2E7F2C74449F}.Release|Any CPU.ActiveCfg = Release|Any CPU
		{10092F92-2A19-48F1-84AF-2E7F2C74449F}.Release|Any CPU.Build.0 = Release|Any CPU
		{9B2404AB-17C6-407B-8CD4-DC6483F6B5C7}.Debug|Any CPU.ActiveCfg = Debug|Any CPU
		{9B2404AB-17C6-407B-8CD4-DC6483F6B5C7}.Debug|Any CPU.Build.0 = Debug|Any CPU
		{9B2404AB-17C6-407B-8CD4-DC6483F6B5C7}.Release|Any CPU.ActiveCfg = Release|Any CPU
		{9B2404AB-17C6-407B-8CD4-DC6483F6B5C7}.Release|Any CPU.Build.0 = Release|Any CPU
	EndGlobalSection
EndGlobal
