
Microsoft Visual Studio Solution File, Format Version 12.00
# Visual Studio 2012
Project("{FAE04EC0-301F-11D3-BF4B-00C04F79EFBC}") = "FactorialSample", "FactorialSample\FactorialSample.csproj", "{45A10FD1-B15F-42C6-9013-D0E6FD3BDF84}"
EndProject
Global
	GlobalSection(SolutionConfigurationPlatforms) = preSolution
		Debug|Any CPU = Debug|Any CPU
		Release|Any CPU = Release|Any CPU
	EndGlobalSection
	GlobalSection(ProjectConfigurationPlatforms) = postSolution
		{45A10FD1-B15F-42C6-9013-D0E6FD3BDF84}.Debug|Any CPU.ActiveCfg = Debug|Any CPU
		{45A10FD1-B15F-42C6-9013-D0E6FD3BDF84}.Debug|Any CPU.Build.0 = Debug|Any CPU
		{45A10FD1-B15F-42C6-9013-D0E6FD3BDF84}.Release|Any CPU.ActiveCfg = Release|Any CPU
		{45A10FD1-B15F-42C6-9013-D0E6FD3BDF84}.Release|Any CPU.Build.0 = Release|Any CPU
	EndGlobalSection
EndGlobal
