
Microsoft Visual Studio Solution File, Format Version 12.00
# Visual Studio 2012
Project("{FAE04EC0-301F-11D3-BF4B-00C04F79EFBC}") = "FactorialSample", "FactorialSample\FactorialSample.csproj", "{45A10FD1-B15F-42C6-9013-D0E6FD3BDF84}"
EndProject
Project("{2150E333-8FDC-42A3-9474-1A3956D46DE8}") = "Solution Items", "Solution Items", "{F61C1C97-67EE-4A0D-A093-5E910DBC699E}"
	ProjectSection(SolutionItems) = preProject
		LICENSE = LICENSE
		README.md = README.md
	EndProjectSection
EndProject
Project("{FAE04EC0-301F-11D3-BF4B-00C04F79EFBC}") = "SieveOfEratosthenesPart1", "SieveOfEratosthenesPart1\SieveOfEratosthenesPart1.csproj", "{11252420-59BA-4228-86FE-11A8A2BDBFA9}"
EndProject
Project("{FAE04EC0-301F-11D3-BF4B-00C04F79EFBC}") = "SieveOfEratosthenesPart2", "SieveOfEratosthenesPart2\SieveOfEratosthenesPart2.csproj", "{10092F92-2A19-48F1-84AF-2E7F2C74449F}"
EndProject
Project("{FAE04EC0-301F-11D3-BF4B-00C04F79EFBC}") = "SieveOfEratosthenesPart3", "SieveOfEratosthenesPart3\SieveOfEratosthenesPart3.csproj", "{9B2404AB-17C6-407B-8CD4-DC6483F6B5C7}"
EndProject
Project("{FAE04EC0-301F-11D3-BF4B-00C04F79EFBC}") = "FibonacciSample", "FibonacciSample\FibonacciSample.csproj", "{77F9E9E1-3798-4AEB-92F7-1825F7E0F6E9}"
EndProject
Project("{FAE04EC0-301F-11D3-BF4B-00C04F79EFBC}") = "GreatestCommonFactor", "GreatestCommonFactor\GreatestCommonFactor.csproj", "{84B554B0-3B79-4F5F-B30C-16B3BD1434B5}"
EndProject
Project("{FAE04EC0-301F-11D3-BF4B-00C04F79EFBC}") = "EnumerateKaprekarNumber", "EnumerateKaprekarNumber\EnumerateKaprekarNumber.csproj", "{20B1A0E8-1031-427B-8E33-CAC5B94B78FE}"
EndProject
Project("{FAE04EC0-301F-11D3-BF4B-00C04F79EFBC}") = "PrimeByMillarRrabin", "PrimeByMillarRrabin\PrimeByMillarRrabin.csproj", "{181EA664-C059-49FD-A12F-62D595282B00}"
EndProject
Project("{FAE04EC0-301F-11D3-BF4B-00C04F79EFBC}") = "PollardsRhoPrimeFactor", "PollardsRhoPrimeFactor\PollardsRhoPrimeFactor.csproj", "{1FA680E8-7420-42B3-BDA9-4FDB1D0D18CD}"
EndProject
Project("{FAE04EC0-301F-11D3-BF4B-00C04F79EFBC}") = "MersennePrime", "MersennePrime\MersennePrime.csproj", "{CA98ED69-4C8B-4CB5-86CB-1A1D01E38F4E}"
EndProject
Project("{FAE04EC0-301F-11D3-BF4B-00C04F79EFBC}") = "AmicableNumber", "AmicableNumber\AmicableNumber.csproj", "{691F2419-A170-492D-B735-737A084FEA40}"
EndProject
Project("{FAE04EC0-301F-11D3-BF4B-00C04F79EFBC}") = "LeastCommonMultiple", "LeastCommonMultiple\LeastCommonMultiple.csproj", "{CC4BA0C4-18BA-4A44-ADB1-2214521F4EDE}"
EndProject
Project("{FAE04EC0-301F-11D3-BF4B-00C04F79EFBC}") = "BetrothedNumber", "BetrothedNumber\BetrothedNumber.csproj", "{54759339-3182-4F49-86A5-E283FFC2F508}"
EndProject
Project("{FAE04EC0-301F-11D3-BF4B-00C04F79EFBC}") = "GoldbachsConjecture", "GoldbachsConjecture\GoldbachsConjecture.csproj", "{BF876115-45FD-4401-BA1C-927E41C34683}"
EndProject
Project("{FAE04EC0-301F-11D3-BF4B-00C04F79EFBC}") = "TriangularNumber", "TriangularNumber\TriangularNumber.csproj", "{2886D25C-31C3-4352-84A0-59813497AD65}"
EndProject
Project("{FAE04EC0-301F-11D3-BF4B-00C04F79EFBC}") = "GetPermutation", "GetPermutation\GetPermutation.csproj", "{8233D366-AA97-4D5E-AEE3-3DC9981FC910}"
EndProject
Global
	GlobalSection(SolutionConfigurationPlatforms) = preSolution
		Debug|Any CPU = Debug|Any CPU
		Release|Any CPU = Release|Any CPU
	EndGlobalSection
	GlobalSection(ProjectConfigurationPlatforms) = postSolution
		{45A10FD1-B15F-42C6-9013-D0E6FD3BDF84}.Debug|Any CPU.ActiveCfg = Debug|Any CPU
		{45A10FD1-B15F-42C6-9013-D0E6FD3BDF84}.Debug|Any CPU.Build.0 = Debug|Any CPU
		{45A10FD1-B15F-42C6-9013-D0E6FD3BDF84}.Release|Any CPU.ActiveCfg = Release|Any CPU
		{45A10FD1-B15F-42C6-9013-D0E6FD3BDF84}.Release|Any CPU.Build.0 = Release|Any CPU
		{11252420-59BA-4228-86FE-11A8A2BDBFA9}.Debug|Any CPU.ActiveCfg = Debug|Any CPU
		{11252420-59BA-4228-86FE-11A8A2BDBFA9}.Debug|Any CPU.Build.0 = Debug|Any CPU
		{11252420-59BA-4228-86FE-11A8A2BDBFA9}.Release|Any CPU.ActiveCfg = Release|Any CPU
		{11252420-59BA-4228-86FE-11A8A2BDBFA9}.Release|Any CPU.Build.0 = Release|Any CPU
		{10092F92-2A19-48F1-84AF-2E7F2C74449F}.Debug|Any CPU.ActiveCfg = Debug|Any CPU
		{10092F92-2A19-48F1-84AF-2E7F2C74449F}.Debug|Any CPU.Build.0 = Debug|Any CPU
		{10092F92-2A19-48F1-84AF-2E7F2C74449F}.Release|Any CPU.ActiveCfg = Release|Any CPU
		{10092F92-2A19-48F1-84AF-2E7F2C74449F}.Release|Any CPU.Build.0 = Release|Any CPU
		{9B2404AB-17C6-407B-8CD4-DC6483F6B5C7}.Debug|Any CPU.ActiveCfg = Debug|Any CPU
		{9B2404AB-17C6-407B-8CD4-DC6483F6B5C7}.Debug|Any CPU.Build.0 = Debug|Any CPU
		{9B2404AB-17C6-407B-8CD4-DC6483F6B5C7}.Release|Any CPU.ActiveCfg = Release|Any CPU
		{9B2404AB-17C6-407B-8CD4-DC6483F6B5C7}.Release|Any CPU.Build.0 = Release|Any CPU
		{77F9E9E1-3798-4AEB-92F7-1825F7E0F6E9}.Debug|Any CPU.ActiveCfg = Debug|Any CPU
		{77F9E9E1-3798-4AEB-92F7-1825F7E0F6E9}.Debug|Any CPU.Build.0 = Debug|Any CPU
		{77F9E9E1-3798-4AEB-92F7-1825F7E0F6E9}.Release|Any CPU.ActiveCfg = Release|Any CPU
		{77F9E9E1-3798-4AEB-92F7-1825F7E0F6E9}.Release|Any CPU.Build.0 = Release|Any CPU
		{84B554B0-3B79-4F5F-B30C-16B3BD1434B5}.Debug|Any CPU.ActiveCfg = Debug|Any CPU
		{84B554B0-3B79-4F5F-B30C-16B3BD1434B5}.Debug|Any CPU.Build.0 = Debug|Any CPU
		{84B554B0-3B79-4F5F-B30C-16B3BD1434B5}.Release|Any CPU.ActiveCfg = Release|Any CPU
		{84B554B0-3B79-4F5F-B30C-16B3BD1434B5}.Release|Any CPU.Build.0 = Release|Any CPU
		{20B1A0E8-1031-427B-8E33-CAC5B94B78FE}.Debug|Any CPU.ActiveCfg = Debug|Any CPU
		{20B1A0E8-1031-427B-8E33-CAC5B94B78FE}.Debug|Any CPU.Build.0 = Debug|Any CPU
		{20B1A0E8-1031-427B-8E33-CAC5B94B78FE}.Release|Any CPU.ActiveCfg = Release|Any CPU
		{20B1A0E8-1031-427B-8E33-CAC5B94B78FE}.Release|Any CPU.Build.0 = Release|Any CPU
		{181EA664-C059-49FD-A12F-62D595282B00}.Debug|Any CPU.ActiveCfg = Debug|Any CPU
		{181EA664-C059-49FD-A12F-62D595282B00}.Debug|Any CPU.Build.0 = Debug|Any CPU
		{181EA664-C059-49FD-A12F-62D595282B00}.Release|Any CPU.ActiveCfg = Release|Any CPU
		{181EA664-C059-49FD-A12F-62D595282B00}.Release|Any CPU.Build.0 = Release|Any CPU
		{1FA680E8-7420-42B3-BDA9-4FDB1D0D18CD}.Debug|Any CPU.ActiveCfg = Debug|Any CPU
		{1FA680E8-7420-42B3-BDA9-4FDB1D0D18CD}.Debug|Any CPU.Build.0 = Debug|Any CPU
		{1FA680E8-7420-42B3-BDA9-4FDB1D0D18CD}.Release|Any CPU.ActiveCfg = Release|Any CPU
		{1FA680E8-7420-42B3-BDA9-4FDB1D0D18CD}.Release|Any CPU.Build.0 = Release|Any CPU
		{CA98ED69-4C8B-4CB5-86CB-1A1D01E38F4E}.Debug|Any CPU.ActiveCfg = Debug|Any CPU
		{CA98ED69-4C8B-4CB5-86CB-1A1D01E38F4E}.Debug|Any CPU.Build.0 = Debug|Any CPU
		{CA98ED69-4C8B-4CB5-86CB-1A1D01E38F4E}.Release|Any CPU.ActiveCfg = Release|Any CPU
		{CA98ED69-4C8B-4CB5-86CB-1A1D01E38F4E}.Release|Any CPU.Build.0 = Release|Any CPU
		{691F2419-A170-492D-B735-737A084FEA40}.Debug|Any CPU.ActiveCfg = Debug|Any CPU
		{691F2419-A170-492D-B735-737A084FEA40}.Debug|Any CPU.Build.0 = Debug|Any CPU
		{691F2419-A170-492D-B735-737A084FEA40}.Release|Any CPU.ActiveCfg = Release|Any CPU
		{691F2419-A170-492D-B735-737A084FEA40}.Release|Any CPU.Build.0 = Release|Any CPU
		{CC4BA0C4-18BA-4A44-ADB1-2214521F4EDE}.Debug|Any CPU.ActiveCfg = Debug|Any CPU
		{CC4BA0C4-18BA-4A44-ADB1-2214521F4EDE}.Debug|Any CPU.Build.0 = Debug|Any CPU
		{CC4BA0C4-18BA-4A44-ADB1-2214521F4EDE}.Release|Any CPU.ActiveCfg = Release|Any CPU
		{CC4BA0C4-18BA-4A44-ADB1-2214521F4EDE}.Release|Any CPU.Build.0 = Release|Any CPU
		{54759339-3182-4F49-86A5-E283FFC2F508}.Debug|Any CPU.ActiveCfg = Debug|Any CPU
		{54759339-3182-4F49-86A5-E283FFC2F508}.Debug|Any CPU.Build.0 = Debug|Any CPU
		{54759339-3182-4F49-86A5-E283FFC2F508}.Release|Any CPU.ActiveCfg = Release|Any CPU
		{54759339-3182-4F49-86A5-E283FFC2F508}.Release|Any CPU.Build.0 = Release|Any CPU
		{BF876115-45FD-4401-BA1C-927E41C34683}.Debug|Any CPU.ActiveCfg = Debug|Any CPU
		{BF876115-45FD-4401-BA1C-927E41C34683}.Debug|Any CPU.Build.0 = Debug|Any CPU
		{BF876115-45FD-4401-BA1C-927E41C34683}.Release|Any CPU.ActiveCfg = Release|Any CPU
		{BF876115-45FD-4401-BA1C-927E41C34683}.Release|Any CPU.Build.0 = Release|Any CPU
		{2886D25C-31C3-4352-84A0-59813497AD65}.Debug|Any CPU.ActiveCfg = Debug|Any CPU
		{2886D25C-31C3-4352-84A0-59813497AD65}.Debug|Any CPU.Build.0 = Debug|Any CPU
		{2886D25C-31C3-4352-84A0-59813497AD65}.Release|Any CPU.ActiveCfg = Release|Any CPU
		{2886D25C-31C3-4352-84A0-59813497AD65}.Release|Any CPU.Build.0 = Release|Any CPU
		{8233D366-AA97-4D5E-AEE3-3DC9981FC910}.Debug|Any CPU.ActiveCfg = Debug|Any CPU
		{8233D366-AA97-4D5E-AEE3-3DC9981FC910}.Debug|Any CPU.Build.0 = Debug|Any CPU
		{8233D366-AA97-4D5E-AEE3-3DC9981FC910}.Release|Any CPU.ActiveCfg = Release|Any CPU
		{8233D366-AA97-4D5E-AEE3-3DC9981FC910}.Release|Any CPU.Build.0 = Release|Any CPU
	EndGlobalSection
EndGlobal
